// !$*UTF8*$!
{
	archiveVersion = 1;
	classes = {
	};
	objectVersion = 56;
	objects = {

/* Begin PBXBuildFile section */
		C1020F792B66E5EC00A5FC75 /* testApp.swift in Sources */ = {isa = PBXBuildFile; fileRef = C1020F782B66E5EC00A5FC75 /* testApp.swift */; };
		C1020F7B2B66E5EC00A5FC75 /* ContentView.swift in Sources */ = {isa = PBXBuildFile; fileRef = C1020F7A2B66E5EC00A5FC75 /* ContentView.swift */; };
		C1020F7D2B66E5EE00A5FC75 /* Assets.xcassets in Resources */ = {isa = PBXBuildFile; fileRef = C1020F7C2B66E5EE00A5FC75 /* Assets.xcassets */; };
		C1020F802B66E5EE00A5FC75 /* Preview Assets.xcassets in Resources */ = {isa = PBXBuildFile; fileRef = C1020F7F2B66E5EE00A5FC75 /* Preview Assets.xcassets */; };
		C1020F8B2B66E5EF00A5FC75 /* testTests.swift in Sources */ = {isa = PBXBuildFile; fileRef = C1020F8A2B66E5EF00A5FC75 /* testTests.swift */; };
		C1020F952B66E5EF00A5FC75 /* testUITests.swift in Sources */ = {isa = PBXBuildFile; fileRef = C1020F942B66E5EF00A5FC75 /* testUITests.swift */; };
		C1020F972B66E5EF00A5FC75 /* testUITestsLaunchTests.swift in Sources */ = {isa = PBXBuildFile; fileRef = C1020F962B66E5EF00A5FC75 /* testUITestsLaunchTests.swift */; };
/* End PBXBuildFile section */

/* Begin PBXContainerItemProxy section */
		C1020F872B66E5EF00A5FC75 /* PBXContainerItemProxy */ = {
			isa = PBXContainerItemProxy;
			containerPortal = C1020F6D2B66E5EB00A5FC75 /* Project object */;
			proxyType = 1;
			remoteGlobalIDString = C1020F742B66E5EB00A5FC75;
			remoteInfo = test;
		};
		C1020F912B66E5EF00A5FC75 /* PBXContainerItemProxy */ = {
			isa = PBXContainerItemProxy;
			containerPortal = C1020F6D2B66E5EB00A5FC75 /* Project object */;
			proxyType = 1;
			remoteGlobalIDString = C1020F742B66E5EB00A5FC75;
			remoteInfo = test;
		};
/* End PBXContainerItemProxy section */

/* Begin PBXFileReference section */
		C1020F752B66E5EB00A5FC75 /* test.app */ = {isa = PBXFileReference; explicitFileType = wrapper.application; includeInIndex = 0; path = test.app; sourceTree = BUILT_PRODUCTS_DIR; };
		C1020F782B66E5EC00A5FC75 /* testApp.swift */ = {isa = PBXFileReference; lastKnownFileType = sourcecode.swift; path = testApp.swift; sourceTree = "<group>"; };
		C1020F7A2B66E5EC00A5FC75 /* ContentView.swift */ = {isa = PBXFileReference; lastKnownFileType = sourcecode.swift; path = ContentView.swift; sourceTree = "<group>"; };
		C1020F7C2B66E5EE00A5FC75 /* Assets.xcassets */ = {isa = PBXFileReference; lastKnownFileType = folder.assetcatalog; path = Assets.xcassets; sourceTree = "<group>"; };
		C1020F7F2B66E5EE00A5FC75 /* Preview Assets.xcassets */ = {isa = PBXFileReference; lastKnownFileType = folder.assetcatalog; path = "Preview Assets.xcassets"; sourceTree = "<group>"; };
		C1020F812B66E5EE00A5FC75 /* test.entitlements */ = {isa = PBXFileReference; lastKnownFileType = text.plist.entitlements; path = test.entitlements; sourceTree = "<group>"; };
		C1020F862B66E5EF00A5FC75 /* testTests.xctest */ = {isa = PBXFileReference; explicitFileType = wrapper.cfbundle; includeInIndex = 0; path = testTests.xctest; sourceTree = BUILT_PRODUCTS_DIR; };
		C1020F8A2B66E5EF00A5FC75 /* testTests.swift */ = {isa = PBXFileReference; lastKnownFileType = sourcecode.swift; path = testTests.swift; sourceTree = "<group>"; };
		C1020F902B66E5EF00A5FC75 /* testUITests.xctest */ = {isa = PBXFileReference; explicitFileType = wrapper.cfbundle; includeInIndex = 0; path = testUITests.xctest; sourceTree = BUILT_PRODUCTS_DIR; };
		C1020F942B66E5EF00A5FC75 /* testUITests.swift */ = {isa = PBXFileReference; lastKnownFileType = sourcecode.swift; path = testUITests.swift; sourceTree = "<group>"; };
		C1020F962B66E5EF00A5FC75 /* testUITestsLaunchTests.swift */ = {isa = PBXFileReference; lastKnownFileType = sourcecode.swift; path = testUITestsLaunchTests.swift; sourceTree = "<group>"; };
/* End PBXFileReference section */

/* Begin PBXFrameworksBuildPhase section */
		C1020F722B66E5EB00A5FC75 /* Frameworks */ = {
			isa = PBXFrameworksBuildPhase;
			buildActionMask = 2147483647;
			files = (
			);
			runOnlyForDeploymentPostprocessing = 0;
		};
		C1020F832B66E5EF00A5FC75 /* Frameworks */ = {
			isa = PBXFrameworksBuildPhase;
			buildActionMask = 2147483647;
			files = (
			);
			runOnlyForDeploymentPostprocessing = 0;
		};
		C1020F8D2B66E5EF00A5FC75 /* Frameworks */ = {
			isa = PBXFrameworksBuildPhase;
			buildActionMask = 2147483647;
			files = (
			);
			runOnlyForDeploymentPostprocessing = 0;
		};
/* End PBXFrameworksBuildPhase section */

/* Begin PBXGroup section */
		C1020F6C2B66E5EB00A5FC75 = {
			isa = PBXGroup;
			children = (
				C1020F772B66E5EB00A5FC75 /* test */,
				C1020F892B66E5EF00A5FC75 /* testTests */,
				C1020F932B66E5EF00A5FC75 /* testUITests */,
				C1020F762B66E5EB00A5FC75 /* Products */,
			);
			sourceTree = "<group>";
		};
		C1020F762B66E5EB00A5FC75 /* Products */ = {
			isa = PBXGroup;
			children = (
				C1020F752B66E5EB00A5FC75 /* test.app */,
				C1020F862B66E5EF00A5FC75 /* testTests.xctest */,
				C1020F902B66E5EF00A5FC75 /* testUITests.xctest */,
			);
			name = Products;
			sourceTree = "<group>";
		};
		C1020F772B66E5EB00A5FC75 /* test */ = {
			isa = PBXGroup;
			children = (
				C1020F782B66E5EC00A5FC75 /* testApp.swift */,
				C1020F7A2B66E5EC00A5FC75 /* ContentView.swift */,
				C1020F7C2B66E5EE00A5FC75 /* Assets.xcassets */,
				C1020F812B66E5EE00A5FC75 /* test.entitlements */,
				C1020F7E2B66E5EE00A5FC75 /* Preview Content */,
			);
			path = test;
			sourceTree = "<group>";
		};
		C1020F7E2B66E5EE00A5FC75 /* Preview Content */ = {
			isa = PBXGroup;
			children = (
				C1020F7F2B66E5EE00A5FC75 /* Preview Assets.xcassets */,
			);
			path = "Preview Content";
			sourceTree = "<group>";
		};
		C1020F892B66E5EF00A5FC75 /* testTests */ = {
			isa = PBXGroup;
			children = (
				C1020F8A2B66E5EF00A5FC75 /* testTests.swift */,
			);
			path = testTests;
			sourceTree = "<group>";
		};
		C1020F932B66E5EF00A5FC75 /* testUITests */ = {
			isa = PBXGroup;
			children = (
				C1020F942B66E5EF00A5FC75 /* testUITests.swift */,
				C1020F962B66E5EF00A5FC75 /* testUITestsLaunchTests.swift */,
			);
			path = testUITests;
			sourceTree = "<group>";
		};
/* End PBXGroup section */

/* Begin PBXNativeTarget section */
		C1020F742B66E5EB00A5FC75 /* test */ = {
			isa = PBXNativeTarget;
			buildConfigurationList = C1020F9A2B66E5EF00A5FC75 /* Build configuration list for PBXNativeTarget "test" */;
			buildPhases = (
				C1020F712B66E5EB00A5FC75 /* Sources */,
				C1020F722B66E5EB00A5FC75 /* Frameworks */,
				C1020F732B66E5EB00A5FC75 /* Resources */,
			);
			buildRules = (
			);
			dependencies = (
			);
			name = test;
			productName = test;
			productReference = C1020F752B66E5EB00A5FC75 /* test.app */;
			productType = "com.apple.product-type.application";
		};
		C1020F852B66E5EF00A5FC75 /* testTests */ = {
			isa = PBXNativeTarget;
			buildConfigurationList = C1020F9D2B66E5EF00A5FC75 /* Build configuration list for PBXNativeTarget "testTests" */;
			buildPhases = (
				C1020F822B66E5EF00A5FC75 /* Sources */,
				C1020F832B66E5EF00A5FC75 /* Frameworks */,
				C1020F842B66E5EF00A5FC75 /* Resources */,
			);
			buildRules = (
			);
			dependencies = (
				C1020F882B66E5EF00A5FC75 /* PBXTargetDependency */,
			);
			name = testTests;
			productName = testTests;
			productReference = C1020F862B66E5EF00A5FC75 /* testTests.xctest */;
			productType = "com.apple.product-type.bundle.unit-test";
		};
		C1020F8F2B66E5EF00A5FC75 /* testUITests */ = {
			isa = PBXNativeTarget;
			buildConfigurationList = C1020FA02B66E5EF00A5FC75 /* Build configuration list for PBXNativeTarget "testUITests" */;
			buildPhases = (
				C1020F8C2B66E5EF00A5FC75 /* Sources */,
				C1020F8D2B66E5EF00A5FC75 /* Frameworks */,
				C1020F8E2B66E5EF00A5FC75 /* Resources */,
			);
			buildRules = (
			);
			dependencies = (
				C1020F922B66E5EF00A5FC75 /* PBXTargetDependency */,
			);
			name = testUITests;
			productName = testUITests;
			productReference = C1020F902B66E5EF00A5FC75 /* testUITests.xctest */;
			productType = "com.apple.product-type.bundle.ui-testing";
		};
/* End PBXNativeTarget section */

/* Begin PBXProject section */
		C1020F6D2B66E5EB00A5FC75 /* Project object */ = {
			isa = PBXProject;
			attributes = {
				BuildIndependentTargetsInParallel = 1;
				LastSwiftUpdateCheck = 1520;
				LastUpgradeCheck = 1520;
				TargetAttributes = {
					C1020F742B66E5EB00A5FC75 = {
						CreatedOnToolsVersion = 15.2;
					};
					C1020F852B66E5EF00A5FC75 = {
						CreatedOnToolsVersion = 15.2;
						TestTargetID = C1020F742B66E5EB00A5FC75;
					};
					C1020F8F2B66E5EF00A5FC75 = {
						CreatedOnToolsVersion = 15.2;
						TestTargetID = C1020F742B66E5EB00A5FC75;
					};
				};
			};
			buildConfigurationList = C1020F702B66E5EB00A5FC75 /* Build configuration list for PBXProject "test" */;
			compatibilityVersion = "Xcode 14.0";
			developmentRegion = en;
			hasScannedForEncodings = 0;
			knownRegions = (
				en,
				Base,
			);
			mainGroup = C1020F6C2B66E5EB00A5FC75;
			productRefGroup = C1020F762B66E5EB00A5FC75 /* Products */;
			projectDirPath = "";
			projectRoot = "";
			targets = (
				C1020F742B66E5EB00A5FC75 /* test */,
				C1020F852B66E5EF00A5FC75 /* testTests */,
				C1020F8F2B66E5EF00A5FC75 /* testUITests */,
			);
		};
/* End PBXProject section */

/* Begin PBXResourcesBuildPhase section */
		C1020F732B66E5EB00A5FC75 /* Resources */ = {
			isa = PBXResourcesBuildPhase;
			buildActionMask = 2147483647;
			files = (
				C1020F802B66E5EE00A5FC75 /* Preview Assets.xcassets in Resources */,
				C1020F7D2B66E5EE00A5FC75 /* Assets.xcassets in Resources */,
			);
			runOnlyForDeploymentPostprocessing = 0;
		};
		C1020F842B66E5EF00A5FC75 /* Resources */ = {
			isa = PBXResourcesBuildPhase;
			buildActionMask = 2147483647;
			files = (
			);
			runOnlyForDeploymentPostprocessing = 0;
		};
		C1020F8E2B66E5EF00A5FC75 /* Resources */ = {
			isa = PBXResourcesBuildPhase;
			buildActionMask = 2147483647;
			files = (
			);
			runOnlyForDeploymentPostprocessing = 0;
		};
/* End PBXResourcesBuildPhase section */

/* Begin PBXSourcesBuildPhase section */
		C1020F712B66E5EB00A5FC75 /* Sources */ = {
			isa = PBXSourcesBuildPhase;
			buildActionMask = 2147483647;
			files = (
				C1020F7B2B66E5EC00A5FC75 /* ContentView.swift in Sources */,
				C1020F792B66E5EC00A5FC75 /* testApp.swift in Sources */,
			);
			runOnlyForDeploymentPostprocessing = 0;
		};
		C1020F822B66E5EF00A5FC75 /* Sources */ = {
			isa = PBXSourcesBuildPhase;
			buildActionMask = 2147483647;
			files = (
				C1020F8B2B66E5EF00A5FC75 /* testTests.swift in Sources */,
			);
			runOnlyForDeploymentPostprocessing = 0;
		};
		C1020F8C2B66E5EF00A5FC75 /* Sources */ = {
			isa = PBXSourcesBuildPhase;
			buildActionMask = 2147483647;
			files = (
				C1020F972B66E5EF00A5FC75 /* testUITestsLaunchTests.swift in Sources */,
				C1020F952B66E5EF00A5FC75 /* testUITests.swift in Sources */,
			);
			runOnlyForDeploymentPostprocessing = 0;
		};
/* End PBXSourcesBuildPhase section */

/* Begin PBXTargetDependency section */
		C1020F882B66E5EF00A5FC75 /* PBXTargetDependency */ = {
			isa = PBXTargetDependency;
			target = C1020F742B66E5EB00A5FC75 /* test */;
			targetProxy = C1020F872B66E5EF00A5FC75 /* PBXContainerItemProxy */;
		};
		C1020F922B66E5EF00A5FC75 /* PBXTargetDependency */ = {
			isa = PBXTargetDependency;
			target = C1020F742B66E5EB00A5FC75 /* test */;
			targetProxy = C1020F912B66E5EF00A5FC75 /* PBXContainerItemProxy */;
		};
/* End PBXTargetDependency section */

/* Begin XCBuildConfiguration section */
		C1020F982B66E5EF00A5FC75 /* Debug */ = {
			isa = XCBuildConfiguration;
			buildSettings = {
				ALWAYS_SEARCH_USER_PATHS = NO;
				ASSETCATALOG_COMPILER_GENERATE_SWIFT_ASSET_SYMBOL_EXTENSIONS = YES;
				CLANG_ANALYZER_NONNULL = YES;
				CLANG_ANALYZER_NUMBER_OBJECT_CONVERSION = YES_AGGRESSIVE;
				CLANG_CXX_LANGUAGE_STANDARD = "gnu++20";
				CLANG_ENABLE_MODULES = YES;
				CLANG_ENABLE_OBJC_ARC = YES;
				CLANG_ENABLE_OBJC_WEAK = YES;
				CLANG_WARN_BLOCK_CAPTURE_AUTORELEASING = YES;
				CLANG_WARN_BOOL_CONVERSION = YES;
				CLANG_WARN_COMMA = YES;
				CLANG_WARN_CONSTANT_CONVERSION = YES;
				CLANG_WARN_DEPRECATED_OBJC_IMPLEMENTATIONS = YES;
				CLANG_WARN_DIRECT_OBJC_ISA_USAGE = YES_ERROR;
				CLANG_WARN_DOCUMENTATION_COMMENTS = YES;
				CLANG_WARN_EMPTY_BODY = YES;
				CLANG_WARN_ENUM_CONVERSION = YES;
				CLANG_WARN_INFINITE_RECURSION = YES;
				CLANG_WARN_INT_CONVERSION = YES;
				CLANG_WARN_NON_LITERAL_NULL_CONVERSION = YES;
				CLANG_WARN_OBJC_IMPLICIT_RETAIN_SELF = YES;
				CLANG_WARN_OBJC_LITERAL_CONVERSION = YES;
				CLANG_WARN_OBJC_ROOT_CLASS = YES_ERROR;
				CLANG_WARN_QUOTED_INCLUDE_IN_FRAMEWORK_HEADER = YES;
				CLANG_WARN_RANGE_LOOP_ANALYSIS = YES;
				CLANG_WARN_STRICT_PROTOTYPES = YES;
				CLANG_WARN_SUSPICIOUS_MOVE = YES;
				CLANG_WARN_UNGUARDED_AVAILABILITY = YES_AGGRESSIVE;
				CLANG_WARN_UNREACHABLE_CODE = YES;
				CLANG_WARN__DUPLICATE_METHOD_MATCH = YES;
				COPY_PHASE_STRIP = NO;
				DEBUG_INFORMATION_FORMAT = dwarf;
				ENABLE_STRICT_OBJC_MSGSEND = YES;
				ENABLE_TESTABILITY = YES;
				ENABLE_USER_SCRIPT_SANDBOXING = YES;
				GCC_C_LANGUAGE_STANDARD = gnu17;
				GCC_DYNAMIC_NO_PIC = NO;
				GCC_NO_COMMON_BLOCKS = YES;
				GCC_OPTIMIZATION_LEVEL = 0;
				GCC_PREPROCESSOR_DEFINITIONS = (
					"DEBUG=1",
					"$(inherited)",
				);
				GCC_WARN_64_TO_32_BIT_CONVERSION = YES;
				GCC_WARN_ABOUT_RETURN_TYPE = YES_ERROR;
				GCC_WARN_UNDECLARED_SELECTOR = YES;
				GCC_WARN_UNINITIALIZED_AUTOS = YES_AGGRESSIVE;
				GCC_WARN_UNUSED_FUNCTION = YES;
				GCC_WARN_UNUSED_VARIABLE = YES;
				LOCALIZATION_PREFERS_STRING_CATALOGS = YES;
				MACOSX_DEPLOYMENT_TARGET = 14.2;
				MTL_ENABLE_DEBUG_INFO = INCLUDE_SOURCE;
				MTL_FAST_MATH = YES;
				ONLY_ACTIVE_ARCH = YES;
				SDKROOT = macosx;
				SWIFT_ACTIVE_COMPILATION_CONDITIONS = "DEBUG $(inherited)";
				SWIFT_OPTIMIZATION_LEVEL = "-Onone";
			};
			name = Debug;
		};
		C1020F992B66E5EF00A5FC75 /* Release */ = {
			isa = XCBuildConfiguration;
			buildSettings = {
				ALWAYS_SEARCH_USER_PATHS = NO;
				ASSETCATALOG_COMPILER_GENERATE_SWIFT_ASSET_SYMBOL_EXTENSIONS = YES;
				CLANG_ANALYZER_NONNULL = YES;
				CLANG_ANALYZER_NUMBER_OBJECT_CONVERSION = YES_AGGRESSIVE;
				CLANG_CXX_LANGUAGE_STANDARD = "gnu++20";
				CLANG_ENABLE_MODULES = YES;
				CLANG_ENABLE_OBJC_ARC = YES;
				CLANG_ENABLE_OBJC_WEAK = YES;
				CLANG_WARN_BLOCK_CAPTURE_AUTORELEASING = YES;
				CLANG_WARN_BOOL_CONVERSION = YES;
				CLANG_WARN_COMMA = YES;
				CLANG_WARN_CONSTANT_CONVERSION = YES;
				CLANG_WARN_DEPRECATED_OBJC_IMPLEMENTATIONS = YES;
				CLANG_WARN_DIRECT_OBJC_ISA_USAGE = YES_ERROR;
				CLANG_WARN_DOCUMENTATION_COMMENTS = YES;
				CLANG_WARN_EMPTY_BODY = YES;
				CLANG_WARN_ENUM_CONVERSION = YES;
				CLANG_WARN_INFINITE_RECURSION = YES;
				CLANG_WARN_INT_CONVERSION = YES;
				CLANG_WARN_NON_LITERAL_NULL_CONVERSION = YES;
				CLANG_WARN_OBJC_IMPLICIT_RETAIN_SELF = YES;
				CLANG_WARN_OBJC_LITERAL_CONVERSION = YES;
				CLANG_WARN_OBJC_ROOT_CLASS = YES_ERROR;
				CLANG_WARN_QUOTED_INCLUDE_IN_FRAMEWORK_HEADER = YES;
				CLANG_WARN_RANGE_LOOP_ANALYSIS = YES;
				CLANG_WARN_STRICT_PROTOTYPES = YES;
				CLANG_WARN_SUSPICIOUS_MOVE = YES;
				CLANG_WARN_UNGUARDED_AVAILABILITY = YES_AGGRESSIVE;
				CLANG_WARN_UNREACHABLE_CODE = YES;
				CLANG_WARN__DUPLICATE_METHOD_MATCH = YES;
				COPY_PHASE_STRIP = NO;
				DEBUG_INFORMATION_FORMAT = "dwarf-with-dsym";
				ENABLE_NS_ASSERTIONS = NO;
				ENABLE_STRICT_OBJC_MSGSEND = YES;
				ENABLE_USER_SCRIPT_SANDBOXING = YES;
				GCC_C_LANGUAGE_STANDARD = gnu17;
				GCC_NO_COMMON_BLOCKS = YES;
				GCC_WARN_64_TO_32_BIT_CONVERSION = YES;
				GCC_WARN_ABOUT_RETURN_TYPE = YES_ERROR;
				GCC_WARN_UNDECLARED_SELECTOR = YES;
				GCC_WARN_UNINITIALIZED_AUTOS = YES_AGGRESSIVE;
				GCC_WARN_UNUSED_FUNCTION = YES;
				GCC_WARN_UNUSED_VARIABLE = YES;
				LOCALIZATION_PREFERS_STRING_CATALOGS = YES;
				MACOSX_DEPLOYMENT_TARGET = 14.2;
				MTL_ENABLE_DEBUG_INFO = NO;
				MTL_FAST_MATH = YES;
				SDKROOT = macosx;
				SWIFT_COMPILATION_MODE = wholemodule;
			};
			name = Release;
		};
		C1020F9B2B66E5EF00A5FC75 /* Debug */ = {
			isa = XCBuildConfiguration;
			buildSettings = {
				ASSETCATALOG_COMPILER_APPICON_NAME = AppIcon;
				ASSETCATALOG_COMPILER_GLOBAL_ACCENT_COLOR_NAME = AccentColor;
				CODE_SIGN_ENTITLEMENTS = test/test.entitlements;
				CODE_SIGN_STYLE = Automatic;
				COMBINE_HIDPI_IMAGES = YES;
				CURRENT_PROJECT_VERSION = 1;
				DEVELOPMENT_ASSET_PATHS = "\"test/Preview Content\"";
				ENABLE_PREVIEWS = YES;
				GENERATE_INFOPLIST_FILE = YES;
				INFOPLIST_KEY_NSHumanReadableCopyright = "";
				LD_RUNPATH_SEARCH_PATHS = (
					"$(inherited)",
					"@executable_path/../Frameworks",
				);
				MARKETING_VERSION = 1.0;
				PRODUCT_BUNDLE_IDENTIFIER = project.test;
				PRODUCT_NAME = "$(TARGET_NAME)";
				SWIFT_EMIT_LOC_STRINGS = YES;
				SWIFT_VERSION = 5.0;
			};
			name = Debug;
		};
		C1020F9C2B66E5EF00A5FC75 /* Release */ = {
			isa = XCBuildConfiguration;
			buildSettings = {
				ASSETCATALOG_COMPILER_APPICON_NAME = AppIcon;
				ASSETCATALOG_COMPILER_GLOBAL_ACCENT_COLOR_NAME = AccentColor;
				CODE_SIGN_ENTITLEMENTS = test/test.entitlements;
				CODE_SIGN_STYLE = Automatic;
				COMBINE_HIDPI_IMAGES = YES;
				CURRENT_PROJECT_VERSION = 1;
				DEVELOPMENT_ASSET_PATHS = "\"test/Preview Content\"";
				ENABLE_PREVIEWS = YES;
				GENERATE_INFOPLIST_FILE = YES;
				INFOPLIST_KEY_NSHumanReadableCopyright = "";
				LD_RUNPATH_SEARCH_PATHS = (
					"$(inherited)",
					"@executable_path/../Frameworks",
				);
				MARKETING_VERSION = 1.0;
				PRODUCT_BUNDLE_IDENTIFIER = project.test;
				PRODUCT_NAME = "$(TARGET_NAME)";
				SWIFT_EMIT_LOC_STRINGS = YES;
				SWIFT_VERSION = 5.0;
			};
			name = Release;
		};
		C1020F9E2B66E5EF00A5FC75 /* Debug */ = {
			isa = XCBuildConfiguration;
			buildSettings = {
				ALWAYS_EMBED_SWIFT_STANDARD_LIBRARIES = YES;
				BUNDLE_LOADER = "$(TEST_HOST)";
				CODE_SIGN_STYLE = Automatic;
				CURRENT_PROJECT_VERSION = 1;
				GENERATE_INFOPLIST_FILE = YES;
				MACOSX_DEPLOYMENT_TARGET = 14.2;
				MARKETING_VERSION = 1.0;
				PRODUCT_BUNDLE_IDENTIFIER = project.testTests;
				PRODUCT_NAME = "$(TARGET_NAME)";
				SWIFT_EMIT_LOC_STRINGS = NO;
				SWIFT_VERSION = 5.0;
				TEST_HOST = "$(BUILT_PRODUCTS_DIR)/test.app/$(BUNDLE_EXECUTABLE_FOLDER_PATH)/test";
			};
			name = Debug;
		};
		C1020F9F2B66E5EF00A5FC75 /* Release */ = {
			isa = XCBuildConfiguration;
			buildSettings = {
				ALWAYS_EMBED_SWIFT_STANDARD_LIBRARIES = YES;
				BUNDLE_LOADER = "$(TEST_HOST)";
				CODE_SIGN_STYLE = Automatic;
				CURRENT_PROJECT_VERSION = 1;
				GENERATE_INFOPLIST_FILE = YES;
				MACOSX_DEPLOYMENT_TARGET = 14.2;
				MARKETING_VERSION = 1.0;
				PRODUCT_BUNDLE_IDENTIFIER = project.testTests;
				PRODUCT_NAME = "$(TARGET_NAME)";
				SWIFT_EMIT_LOC_STRINGS = NO;
				SWIFT_VERSION = 5.0;
				TEST_HOST = "$(BUILT_PRODUCTS_DIR)/test.app/$(BUNDLE_EXECUTABLE_FOLDER_PATH)/test";
			};
			name = Release;
		};
		C1020FA12B66E5EF00A5FC75 /* Debug */ = {
			isa = XCBuildConfiguration;
			buildSettings = {
				ALWAYS_EMBED_SWIFT_STANDARD_LIBRARIES = YES;
				CODE_SIGN_STYLE = Automatic;
				CURRENT_PROJECT_VERSION = 1;
				GENERATE_INFOPLIST_FILE = YES;
				MARKETING_VERSION = 1.0;
				PRODUCT_BUNDLE_IDENTIFIER = project.testUITests;
				PRODUCT_NAME = "$(TARGET_NAME)";
				SWIFT_EMIT_LOC_STRINGS = NO;
				SWIFT_VERSION = 5.0;
				TEST_TARGET_NAME = test;
			};
			name = Debug;
		};
		C1020FA22B66E5EF00A5FC75 /* Release */ = {
			isa = XCBuildConfiguration;
			buildSettings = {
				ALWAYS_EMBED_SWIFT_STANDARD_LIBRARIES = YES;
				CODE_SIGN_STYLE = Automatic;
				CURRENT_PROJECT_VERSION = 1;
				GENERATE_INFOPLIST_FILE = YES;
				MARKETING_VERSION = 1.0;
				PRODUCT_BUNDLE_IDENTIFIER = project.testUITests;
				PRODUCT_NAME = "$(TARGET_NAME)";
				SWIFT_EMIT_LOC_STRINGS = NO;
				SWIFT_VERSION = 5.0;
				TEST_TARGET_NAME = test;
			};
			name = Release;
		};
/* End XCBuildConfiguration section */

/* Begin XCConfigurationList section */
		C1020F702B66E5EB00A5FC75 /* Build configuration list for PBXProject "test" */ = {
			isa = XCConfigurationList;
			buildConfigurations = (
				C1020F982B66E5EF00A5FC75 /* Debug */,
				C1020F992B66E5EF00A5FC75 /* Release */,
			);
			defaultConfigurationIsVisible = 0;
			defaultConfigurationName = Release;
		};
		C1020F9A2B66E5EF00A5FC75 /* Build configuration list for PBXNativeTarget "test" */ = {
			isa = XCConfigurationList;
			buildConfigurations = (
				C1020F9B2B66E5EF00A5FC75 /* Debug */,
				C1020F9C2B66E5EF00A5FC75 /* Release */,
			);
			defaultConfigurationIsVisible = 0;
			defaultConfigurationName = Release;
		};
		C1020F9D2B66E5EF00A5FC75 /* Build configuration list for PBXNativeTarget "testTests" */ = {
			isa = XCConfigurationList;
			buildConfigurations = (
				C1020F9E2B66E5EF00A5FC75 /* Debug */,
				C1020F9F2B66E5EF00A5FC75 /* Release */,
			);
			defaultConfigurationIsVisible = 0;
			defaultConfigurationName = Release;
		};
		C1020FA02B66E5EF00A5FC75 /* Build configuration list for PBXNativeTarget "testUITests" */ = {
			isa = XCConfigurationList;
			buildConfigurations = (
				C1020FA12B66E5EF00A5FC75 /* Debug */,
				C1020FA22B66E5EF00A5FC75 /* Release */,
			);
			defaultConfigurationIsVisible = 0;
			defaultConfigurationName = Release;
		};
/* End XCConfigurationList section */
	};
	rootObject = C1020F6D2B66E5EB00A5FC75 /* Project object */;
}
